
Microsoft Visual Studio Solution File, Format Version 12.00
# Visual Studio 15
VisualStudioVersion = 15.0.28307.329
MinimumVisualStudioVersion = 10.0.40219.1
Project("{FAE04EC0-301F-11D3-BF4B-00C04F79EFBC}") = "Task2", "Task2\Task2.csproj", "{830372EC-6310-4254-BE59-215492254D77}"
EndProject
Global
	GlobalSection(SolutionConfigurationPlatforms) = preSolution
		Debug|Any CPU = Debug|Any CPU
		Release|Any CPU = Release|Any CPU
	EndGlobalSection
	GlobalSection(ProjectConfigurationPlatforms) = postSolution
		{830372EC-6310-4254-BE59-215492254D77}.Debug|Any CPU.ActiveCfg = Debug|Any CPU
		{830372EC-6310-4254-BE59-215492254D77}.Debug|Any CPU.Build.0 = Debug|Any CPU
		{830372EC-6310-4254-BE59-215492254D77}.Release|Any CPU.ActiveCfg = Release|Any CPU
		{830372EC-6310-4254-BE59-215492254D77}.Release|Any CPU.Build.0 = Release|Any CPU
	EndGlobalSection
	GlobalSection(SolutionProperties) = preSolution
		HideSolutionNode = FALSE
	EndGlobalSection
	GlobalSection(ExtensibilityGlobals) = postSolution
		SolutionGuid = {423C6C0A-DD8C-40CA-A706-F2A10DFC44D2}
	EndGlobalSection
EndGlobal
